{
  "name": "lightmock",
  "version": "1.0.0",
  "lockfileVersion": 1,
  "requires": true,
  "dependencies": {
    "commander": {
      "version": "2.17.1",
      "resolved": "http://registry.npm.taobao.org/commander/download/commander-2.17.1.tgz",
      "integrity": "sha1-vXerfebelCBc6sxy8XFtKfIKd78="
    },
    "mock.js": {
      "version": "0.2.0",
      "resolved": "http://registry.npm.taobao.org/mock.js/download/mock.js-0.2.0.tgz",
      "integrity": "sha1-wNbuXljHtpAsMDBGLB7/O9M/i90="
    },
    "mockjs": {
      "version": "1.0.1-beta3",
      "resolved": "http://registry.npm.taobao.org/mockjs/download/mockjs-1.0.1-beta3.tgz",
      "integrity": "sha1-0jTzwnJWOXVk8slVFC6JGQlTcgk=",
      "requires": {
        "commander": "2.17.1"
      }
    }
  }
}
